// !$*UTF8*$!
{
	archiveVersion = 1;
	classes = {
	};
	objectVersion = 50;
	objects = {

/* Begin PBXBuildFile section */
		F43D68772506FB0B00D2F952 /* UserProfile.swift in Sources */ = {isa = PBXBuildFile; fileRef = F43D68762506FB0B00D2F952 /* UserProfile.swift */; };
		F43F884424F2E17200F90FEB /* PostSession.swift in Sources */ = {isa = PBXBuildFile; fileRef = F43F884324F2E17200F90FEB /* PostSession.swift */; };
		F43F884624F2E20D00F90FEB /* SessionResponse.swift in Sources */ = {isa = PBXBuildFile; fileRef = F43F884524F2E20D00F90FEB /* SessionResponse.swift */; };
		F43F884824F2E60E00F90FEB /* UdacityResponse.swift in Sources */ = {isa = PBXBuildFile; fileRef = F43F884724F2E60E00F90FEB /* UdacityResponse.swift */; };
		F4D77E8624F19AC8002FEF8E /* AppDelegate.swift in Sources */ = {isa = PBXBuildFile; fileRef = F4D77E8524F19AC8002FEF8E /* AppDelegate.swift */; };
		F4D77E8824F19AC8002FEF8E /* SceneDelegate.swift in Sources */ = {isa = PBXBuildFile; fileRef = F4D77E8724F19AC8002FEF8E /* SceneDelegate.swift */; };
		F4D77E8A24F19AC8002FEF8E /* LoginViewController.swift in Sources */ = {isa = PBXBuildFile; fileRef = F4D77E8924F19AC8002FEF8E /* LoginViewController.swift */; };
		F4D77E8D24F19AC8002FEF8E /* Main.storyboard in Resources */ = {isa = PBXBuildFile; fileRef = F4D77E8B24F19AC8002FEF8E /* Main.storyboard */; };
		F4D77E8F24F19AD3002FEF8E /* Assets.xcassets in Resources */ = {isa = PBXBuildFile; fileRef = F4D77E8E24F19AD3002FEF8E /* Assets.xcassets */; };
		F4D77E9224F19AD3002FEF8E /* LaunchScreen.storyboard in Resources */ = {isa = PBXBuildFile; fileRef = F4D77E9024F19AD3002FEF8E /* LaunchScreen.storyboard */; };
		F4D77E9F24F1B1EC002FEF8E /* LoginRequest.swift in Sources */ = {isa = PBXBuildFile; fileRef = F4D77E9E24F1B1EC002FEF8E /* LoginRequest.swift */; };
		F4D77EA224F1B5E7002FEF8E /* UdacityClient.swift in Sources */ = {isa = PBXBuildFile; fileRef = F4D77EA124F1B5E7002FEF8E /* UdacityClient.swift */; };
/* End PBXBuildFile section */

/* Begin PBXFileReference section */
		F43D68762506FB0B00D2F952 /* UserProfile.swift */ = {isa = PBXFileReference; lastKnownFileType = sourcecode.swift; path = UserProfile.swift; sourceTree = "<group>"; };
		F43F884324F2E17200F90FEB /* PostSession.swift */ = {isa = PBXFileReference; lastKnownFileType = sourcecode.swift; path = PostSession.swift; sourceTree = "<group>"; };
		F43F884524F2E20D00F90FEB /* SessionResponse.swift */ = {isa = PBXFileReference; lastKnownFileType = sourcecode.swift; path = SessionResponse.swift; sourceTree = "<group>"; };
		F43F884724F2E60E00F90FEB /* UdacityResponse.swift */ = {isa = PBXFileReference; lastKnownFileType = sourcecode.swift; path = UdacityResponse.swift; sourceTree = "<group>"; };
		F4D77E8224F19AC8002FEF8E /* OnTheMap.app */ = {isa = PBXFileReference; explicitFileType = wrapper.application; includeInIndex = 0; path = OnTheMap.app; sourceTree = BUILT_PRODUCTS_DIR; };
		F4D77E8524F19AC8002FEF8E /* AppDelegate.swift */ = {isa = PBXFileReference; lastKnownFileType = sourcecode.swift; path = AppDelegate.swift; sourceTree = "<group>"; };
		F4D77E8724F19AC8002FEF8E /* SceneDelegate.swift */ = {isa = PBXFileReference; lastKnownFileType = sourcecode.swift; path = SceneDelegate.swift; sourceTree = "<group>"; };
		F4D77E8924F19AC8002FEF8E /* LoginViewController.swift */ = {isa = PBXFileReference; lastKnownFileType = sourcecode.swift; path = LoginViewController.swift; sourceTree = "<group>"; };
		F4D77E8C24F19AC8002FEF8E /* Base */ = {isa = PBXFileReference; lastKnownFileType = file.storyboard; name = Base; path = Base.lproj/Main.storyboard; sourceTree = "<group>"; };
		F4D77E8E24F19AD3002FEF8E /* Assets.xcassets */ = {isa = PBXFileReference; lastKnownFileType = folder.assetcatalog; path = Assets.xcassets; sourceTree = "<group>"; };
		F4D77E9124F19AD3002FEF8E /* Base */ = {isa = PBXFileReference; lastKnownFileType = file.storyboard; name = Base; path = Base.lproj/LaunchScreen.storyboard; sourceTree = "<group>"; };
		F4D77E9324F19AD3002FEF8E /* Info.plist */ = {isa = PBXFileReference; lastKnownFileType = text.plist.xml; path = Info.plist; sourceTree = "<group>"; };
		F4D77E9E24F1B1EC002FEF8E /* LoginRequest.swift */ = {isa = PBXFileReference; lastKnownFileType = sourcecode.swift; path = LoginRequest.swift; sourceTree = "<group>"; };
		F4D77EA124F1B5E7002FEF8E /* UdacityClient.swift */ = {isa = PBXFileReference; lastKnownFileType = sourcecode.swift; path = UdacityClient.swift; sourceTree = "<group>"; };
/* End PBXFileReference section */

/* Begin PBXFrameworksBuildPhase section */
		F4D77E7F24F19AC8002FEF8E /* Frameworks */ = {
			isa = PBXFrameworksBuildPhase;
			buildActionMask = 2147483647;
			files = (
			);
			runOnlyForDeploymentPostprocessing = 0;
		};
/* End PBXFrameworksBuildPhase section */

/* Begin PBXGroup section */
		F4D77E7924F19AC8002FEF8E = {
			isa = PBXGroup;
			children = (
				F4D77E8424F19AC8002FEF8E /* OnTheMap */,
				F4D77E8324F19AC8002FEF8E /* Products */,
			);
			sourceTree = "<group>";
		};
		F4D77E8324F19AC8002FEF8E /* Products */ = {
			isa = PBXGroup;
			children = (
				F4D77E8224F19AC8002FEF8E /* OnTheMap.app */,
			);
			name = Products;
			sourceTree = "<group>";
		};
		F4D77E8424F19AC8002FEF8E /* OnTheMap */ = {
			isa = PBXGroup;
			children = (
				F4D77E9324F19AD3002FEF8E /* Info.plist */,
				F4D77E8524F19AC8002FEF8E /* AppDelegate.swift */,
				F4D77E8724F19AC8002FEF8E /* SceneDelegate.swift */,
				F4D77E9C24F1B171002FEF8E /* Model */,
				F4D77E9B24F19CC6002FEF8E /* Controller */,
				F4D77E9A24F19C79002FEF8E /* Assets */,
			);
			path = OnTheMap;
			sourceTree = "<group>";
		};
		F4D77E9A24F19C79002FEF8E /* Assets */ = {
			isa = PBXGroup;
			children = (
				F4D77E8B24F19AC8002FEF8E /* Main.storyboard */,
				F4D77E8E24F19AD3002FEF8E /* Assets.xcassets */,
				F4D77E9024F19AD3002FEF8E /* LaunchScreen.storyboard */,
			);
			path = Assets;
			sourceTree = "<group>";
		};
		F4D77E9B24F19CC6002FEF8E /* Controller */ = {
			isa = PBXGroup;
			children = (
				F4D77E8924F19AC8002FEF8E /* LoginViewController.swift */,
			);
			path = Controller;
			sourceTree = "<group>";
		};
		F4D77E9C24F1B171002FEF8E /* Model */ = {
			isa = PBXGroup;
			children = (
				F4D77EA024F1B584002FEF8E /* Udacity Client */,
				F4D77E9D24F1B1CC002FEF8E /* Udacity Requests */,
			);
			path = Model;
			sourceTree = "<group>";
		};
		F4D77E9D24F1B1CC002FEF8E /* Udacity Requests */ = {
			isa = PBXGroup;
			children = (
				F4D77E9E24F1B1EC002FEF8E /* LoginRequest.swift */,
				F43F884324F2E17200F90FEB /* PostSession.swift */,
				F43F884524F2E20D00F90FEB /* SessionResponse.swift */,
				F43F884724F2E60E00F90FEB /* UdacityResponse.swift */,
				F43D68762506FB0B00D2F952 /* UserProfile.swift */,
			);
			path = "Udacity Requests";
			sourceTree = "<group>";
		};
		F4D77EA024F1B584002FEF8E /* Udacity Client */ = {
			isa = PBXGroup;
			children = (
				F4D77EA124F1B5E7002FEF8E /* UdacityClient.swift */,
			);
			path = "Udacity Client";
			sourceTree = "<group>";
		};
/* End PBXGroup section */

/* Begin PBXNativeTarget section */
		F4D77E8124F19AC8002FEF8E /* OnTheMap */ = {
			isa = PBXNativeTarget;
			buildConfigurationList = F4D77E9624F19AD3002FEF8E /* Build configuration list for PBXNativeTarget "OnTheMap" */;
			buildPhases = (
				F4D77E7E24F19AC8002FEF8E /* Sources */,
				F4D77E7F24F19AC8002FEF8E /* Frameworks */,
				F4D77E8024F19AC8002FEF8E /* Resources */,
			);
			buildRules = (
			);
			dependencies = (
			);
			name = OnTheMap;
			productName = OnTheMap;
			productReference = F4D77E8224F19AC8002FEF8E /* OnTheMap.app */;
			productType = "com.apple.product-type.application";
		};
/* End PBXNativeTarget section */

/* Begin PBXProject section */
		F4D77E7A24F19AC8002FEF8E /* Project object */ = {
			isa = PBXProject;
			attributes = {
				LastSwiftUpdateCheck = 1160;
				LastUpgradeCheck = 1160;
				ORGANIZATIONNAME = DT;
				TargetAttributes = {
					F4D77E8124F19AC8002FEF8E = {
						CreatedOnToolsVersion = 11.6;
					};
				};
			};
			buildConfigurationList = F4D77E7D24F19AC8002FEF8E /* Build configuration list for PBXProject "OnTheMap" */;
			compatibilityVersion = "Xcode 9.3";
			developmentRegion = en;
			hasScannedForEncodings = 0;
			knownRegions = (
				en,
				Base,
			);
			mainGroup = F4D77E7924F19AC8002FEF8E;
			productRefGroup = F4D77E8324F19AC8002FEF8E /* Products */;
			projectDirPath = "";
			projectRoot = "";
			targets = (
				F4D77E8124F19AC8002FEF8E /* OnTheMap */,
			);
		};
/* End PBXProject section */

/* Begin PBXResourcesBuildPhase section */
		F4D77E8024F19AC8002FEF8E /* Resources */ = {
			isa = PBXResourcesBuildPhase;
			buildActionMask = 2147483647;
			files = (
				F4D77E9224F19AD3002FEF8E /* LaunchScreen.storyboard in Resources */,
				F4D77E8F24F19AD3002FEF8E /* Assets.xcassets in Resources */,
				F4D77E8D24F19AC8002FEF8E /* Main.storyboard in Resources */,
			);
			runOnlyForDeploymentPostprocessing = 0;
		};
/* End PBXResourcesBuildPhase section */

/* Begin PBXSourcesBuildPhase section */
		F4D77E7E24F19AC8002FEF8E /* Sources */ = {
			isa = PBXSourcesBuildPhase;
			buildActionMask = 2147483647;
			files = (
				F4D77EA224F1B5E7002FEF8E /* UdacityClient.swift in Sources */,
				F4D77E8A24F19AC8002FEF8E /* LoginViewController.swift in Sources */,
				F43F884824F2E60E00F90FEB /* UdacityResponse.swift in Sources */,
				F43F884424F2E17200F90FEB /* PostSession.swift in Sources */,
				F43F884624F2E20D00F90FEB /* SessionResponse.swift in Sources */,
				F4D77E8624F19AC8002FEF8E /* AppDelegate.swift in Sources */,
				F4D77E8824F19AC8002FEF8E /* SceneDelegate.swift in Sources */,
				F4D77E9F24F1B1EC002FEF8E /* LoginRequest.swift in Sources */,
				F43D68772506FB0B00D2F952 /* UserProfile.swift in Sources */,
			);
			runOnlyForDeploymentPostprocessing = 0;
		};
/* End PBXSourcesBuildPhase section */

/* Begin PBXVariantGroup section */
		F4D77E8B24F19AC8002FEF8E /* Main.storyboard */ = {
			isa = PBXVariantGroup;
			children = (
				F4D77E8C24F19AC8002FEF8E /* Base */,
			);
			name = Main.storyboard;
			sourceTree = "<group>";
		};
		F4D77E9024F19AD3002FEF8E /* LaunchScreen.storyboard */ = {
			isa = PBXVariantGroup;
			children = (
				F4D77E9124F19AD3002FEF8E /* Base */,
			);
			name = LaunchScreen.storyboard;
			sourceTree = "<group>";
		};
/* End PBXVariantGroup section */

/* Begin XCBuildConfiguration section */
		F4D77E9424F19AD3002FEF8E /* Debug */ = {
			isa = XCBuildConfiguration;
			buildSettings = {
				ALWAYS_SEARCH_USER_PATHS = NO;
				CLANG_ANALYZER_NONNULL = YES;
				CLANG_ANALYZER_NUMBER_OBJECT_CONVERSION = YES_AGGRESSIVE;
				CLANG_CXX_LANGUAGE_STANDARD = "gnu++14";
				CLANG_CXX_LIBRARY = "libc++";
				CLANG_ENABLE_MODULES = YES;
				CLANG_ENABLE_OBJC_ARC = YES;
				CLANG_ENABLE_OBJC_WEAK = YES;
				CLANG_WARN_BLOCK_CAPTURE_AUTORELEASING = YES;
				CLANG_WARN_BOOL_CONVERSION = YES;
				CLANG_WARN_COMMA = YES;
				CLANG_WARN_CONSTANT_CONVERSION = YES;
				CLANG_WARN_DEPRECATED_OBJC_IMPLEMENTATIONS = YES;
				CLANG_WARN_DIRECT_OBJC_ISA_USAGE = YES_ERROR;
				CLANG_WARN_DOCUMENTATION_COMMENTS = YES;
				CLANG_WARN_EMPTY_BODY = YES;
				CLANG_WARN_ENUM_CONVERSION = YES;
				CLANG_WARN_INFINITE_RECURSION = YES;
				CLANG_WARN_INT_CONVERSION = YES;
				CLANG_WARN_NON_LITERAL_NULL_CONVERSION = YES;
				CLANG_WARN_OBJC_IMPLICIT_RETAIN_SELF = YES;
				CLANG_WARN_OBJC_LITERAL_CONVERSION = YES;
				CLANG_WARN_OBJC_ROOT_CLASS = YES_ERROR;
				CLANG_WARN_RANGE_LOOP_ANALYSIS = YES;
				CLANG_WARN_STRICT_PROTOTYPES = YES;
				CLANG_WARN_SUSPICIOUS_MOVE = YES;
				CLANG_WARN_UNGUARDED_AVAILABILITY = YES_AGGRESSIVE;
				CLANG_WARN_UNREACHABLE_CODE = YES;
				CLANG_WARN__DUPLICATE_METHOD_MATCH = YES;
				COPY_PHASE_STRIP = NO;
				DEBUG_INFORMATION_FORMAT = dwarf;
				ENABLE_STRICT_OBJC_MSGSEND = YES;
				ENABLE_TESTABILITY = YES;
				GCC_C_LANGUAGE_STANDARD = gnu11;
				GCC_DYNAMIC_NO_PIC = NO;
				GCC_NO_COMMON_BLOCKS = YES;
				GCC_OPTIMIZATION_LEVEL = 0;
				GCC_PREPROCESSOR_DEFINITIONS = (
					"DEBUG=1",
					"$(inherited)",
				);
				GCC_WARN_64_TO_32_BIT_CONVERSION = YES;
				GCC_WARN_ABOUT_RETURN_TYPE = YES_ERROR;
				GCC_WARN_UNDECLARED_SELECTOR = YES;
				GCC_WARN_UNINITIALIZED_AUTOS = YES_AGGRESSIVE;
				GCC_WARN_UNUSED_FUNCTION = YES;
				GCC_WARN_UNUSED_VARIABLE = YES;
				IPHONEOS_DEPLOYMENT_TARGET = 13.6;
				MTL_ENABLE_DEBUG_INFO = INCLUDE_SOURCE;
				MTL_FAST_MATH = YES;
				ONLY_ACTIVE_ARCH = YES;
				SDKROOT = iphoneos;
				SWIFT_ACTIVE_COMPILATION_CONDITIONS = DEBUG;
				SWIFT_OPTIMIZATION_LEVEL = "-Onone";
			};
			name = Debug;
		};
		F4D77E9524F19AD3002FEF8E /* Release */ = {
			isa = XCBuildConfiguration;
			buildSettings = {
				ALWAYS_SEARCH_USER_PATHS = NO;
				CLANG_ANALYZER_NONNULL = YES;
				CLANG_ANALYZER_NUMBER_OBJECT_CONVERSION = YES_AGGRESSIVE;
				CLANG_CXX_LANGUAGE_STANDARD = "gnu++14";
				CLANG_CXX_LIBRARY = "libc++";
				CLANG_ENABLE_MODULES = YES;
				CLANG_ENABLE_OBJC_ARC = YES;
				CLANG_ENABLE_OBJC_WEAK = YES;
				CLANG_WARN_BLOCK_CAPTURE_AUTORELEASING = YES;
				CLANG_WARN_BOOL_CONVERSION = YES;
				CLANG_WARN_COMMA = YES;
				CLANG_WARN_CONSTANT_CONVERSION = YES;
				CLANG_WARN_DEPRECATED_OBJC_IMPLEMENTATIONS = YES;
				CLANG_WARN_DIRECT_OBJC_ISA_USAGE = YES_ERROR;
				CLANG_WARN_DOCUMENTATION_COMMENTS = YES;
				CLANG_WARN_EMPTY_BODY = YES;
				CLANG_WARN_ENUM_CONVERSION = YES;
				CLANG_WARN_INFINITE_RECURSION = YES;
				CLANG_WARN_INT_CONVERSION = YES;
				CLANG_WARN_NON_LITERAL_NULL_CONVERSION = YES;
				CLANG_WARN_OBJC_IMPLICIT_RETAIN_SELF = YES;
				CLANG_WARN_OBJC_LITERAL_CONVERSION = YES;
				CLANG_WARN_OBJC_ROOT_CLASS = YES_ERROR;
				CLANG_WARN_RANGE_LOOP_ANALYSIS = YES;
				CLANG_WARN_STRICT_PROTOTYPES = YES;
				CLANG_WARN_SUSPICIOUS_MOVE = YES;
				CLANG_WARN_UNGUARDED_AVAILABILITY = YES_AGGRESSIVE;
				CLANG_WARN_UNREACHABLE_CODE = YES;
				CLANG_WARN__DUPLICATE_METHOD_MATCH = YES;
				COPY_PHASE_STRIP = NO;
				DEBUG_INFORMATION_FORMAT = "dwarf-with-dsym";
				ENABLE_NS_ASSERTIONS = NO;
				ENABLE_STRICT_OBJC_MSGSEND = YES;
				GCC_C_LANGUAGE_STANDARD = gnu11;
				GCC_NO_COMMON_BLOCKS = YES;
				GCC_WARN_64_TO_32_BIT_CONVERSION = YES;
				GCC_WARN_ABOUT_RETURN_TYPE = YES_ERROR;
				GCC_WARN_UNDECLARED_SELECTOR = YES;
				GCC_WARN_UNINITIALIZED_AUTOS = YES_AGGRESSIVE;
				GCC_WARN_UNUSED_FUNCTION = YES;
				GCC_WARN_UNUSED_VARIABLE = YES;
				IPHONEOS_DEPLOYMENT_TARGET = 13.6;
				MTL_ENABLE_DEBUG_INFO = NO;
				MTL_FAST_MATH = YES;
				SDKROOT = iphoneos;
				SWIFT_COMPILATION_MODE = wholemodule;
				SWIFT_OPTIMIZATION_LEVEL = "-O";
				VALIDATE_PRODUCT = YES;
			};
			name = Release;
		};
		F4D77E9724F19AD3002FEF8E /* Debug */ = {
			isa = XCBuildConfiguration;
			buildSettings = {
				ASSETCATALOG_COMPILER_APPICON_NAME = AppIcon;
				CODE_SIGN_STYLE = Automatic;
				DEVELOPMENT_TEAM = MT8X68T4D8;
				INFOPLIST_FILE = OnTheMap/Info.plist;
				LD_RUNPATH_SEARCH_PATHS = (
					"$(inherited)",
					"@executable_path/Frameworks",
				);
				PRODUCT_BUNDLE_IDENTIFIER = com.davidtspf.OnTheMap;
				PRODUCT_NAME = "$(TARGET_NAME)";
				SWIFT_VERSION = 5.0;
				TARGETED_DEVICE_FAMILY = 1;
			};
			name = Debug;
		};
		F4D77E9824F19AD3002FEF8E /* Release */ = {
			isa = XCBuildConfiguration;
			buildSettings = {
				ASSETCATALOG_COMPILER_APPICON_NAME = AppIcon;
				CODE_SIGN_STYLE = Automatic;
				DEVELOPMENT_TEAM = MT8X68T4D8;
				INFOPLIST_FILE = OnTheMap/Info.plist;
				LD_RUNPATH_SEARCH_PATHS = (
					"$(inherited)",
					"@executable_path/Frameworks",
				);
				PRODUCT_BUNDLE_IDENTIFIER = com.davidtspf.OnTheMap;
				PRODUCT_NAME = "$(TARGET_NAME)";
				SWIFT_VERSION = 5.0;
				TARGETED_DEVICE_FAMILY = 1;
			};
			name = Release;
		};
/* End XCBuildConfiguration section */

/* Begin XCConfigurationList section */
		F4D77E7D24F19AC8002FEF8E /* Build configuration list for PBXProject "OnTheMap" */ = {
			isa = XCConfigurationList;
			buildConfigurations = (
				F4D77E9424F19AD3002FEF8E /* Debug */,
				F4D77E9524F19AD3002FEF8E /* Release */,
			);
			defaultConfigurationIsVisible = 0;
			defaultConfigurationName = Release;
		};
		F4D77E9624F19AD3002FEF8E /* Build configuration list for PBXNativeTarget "OnTheMap" */ = {
			isa = XCConfigurationList;
			buildConfigurations = (
				F4D77E9724F19AD3002FEF8E /* Debug */,
				F4D77E9824F19AD3002FEF8E /* Release */,
			);
			defaultConfigurationIsVisible = 0;
			defaultConfigurationName = Release;
		};
/* End XCConfigurationList section */
	};
	rootObject = F4D77E7A24F19AC8002FEF8E /* Project object */;
}
